// !$*UTF8*$!
{
	archiveVersion = 1;
	classes = {
	};
	objectVersion = 46;
	objects = {

/* Begin PBXBuildFile section */
		37F68B7DFAE900F6C98575A7 /* Pods_Firebase_Auth.framework in Frameworks */ = {isa = PBXBuildFile; fileRef = 16D9B7E545E5056669F25CDA /* Pods_Firebase_Auth.framework */; };
		6BFC1E411F0E0CDC0013562B /* AppDelegate.swift in Sources */ = {isa = PBXBuildFile; fileRef = 6BFC1E401F0E0CDC0013562B /* AppDelegate.swift */; };
		6BFC1E461F0E0CDC0013562B /* Main.storyboard in Resources */ = {isa = PBXBuildFile; fileRef = 6BFC1E441F0E0CDC0013562B /* Main.storyboard */; };
		6BFC1E491F0E0CDC0013562B /* Firebase_Auth.xcdatamodeld in Sources */ = {isa = PBXBuildFile; fileRef = 6BFC1E471F0E0CDC0013562B /* Firebase_Auth.xcdatamodeld */; };
		6BFC1E4B1F0E0CDC0013562B /* Assets.xcassets in Resources */ = {isa = PBXBuildFile; fileRef = 6BFC1E4A1F0E0CDC0013562B /* Assets.xcassets */; };
		6BFC1E4E1F0E0CDC0013562B /* LaunchScreen.storyboard in Resources */ = {isa = PBXBuildFile; fileRef = 6BFC1E4C1F0E0CDC0013562B /* LaunchScreen.storyboard */; };
		6BFC1E641F0E4BE40013562B /* FirebaseAuthModel.swift in Sources */ = {isa = PBXBuildFile; fileRef = 6BFC1E5D1F0E4BE40013562B /* FirebaseAuthModel.swift */; };
		6BFC1E651F0E4BE40013562B /* GoogleService-Info.plist in Resources */ = {isa = PBXBuildFile; fileRef = 6BFC1E5F1F0E4BE40013562B /* GoogleService-Info.plist */; };
		6BFC1E661F0E4BE40013562B /* FirebaseAuthTableViewCell.swift in Sources */ = {isa = PBXBuildFile; fileRef = 6BFC1E611F0E4BE40013562B /* FirebaseAuthTableViewCell.swift */; };
		6BFC1E671F0E4BE40013562B /* FirebaseAuthViewController.swift in Sources */ = {isa = PBXBuildFile; fileRef = 6BFC1E631F0E4BE40013562B /* FirebaseAuthViewController.swift */; };
		6BFC1E691F0F61770013562B /* FirebaseAuthGoogleSigninModel.swift in Sources */ = {isa = PBXBuildFile; fileRef = 6BFC1E681F0F61770013562B /* FirebaseAuthGoogleSigninModel.swift */; };
		6BFC1E6B1F0F6B100013562B /* GoogleSigninViewController.swift in Sources */ = {isa = PBXBuildFile; fileRef = 6BFC1E6A1F0F6B100013562B /* GoogleSigninViewController.swift */; };
		6BFC1E6D1F0FC93E0013562B /* FBLoginViewController.swift in Sources */ = {isa = PBXBuildFile; fileRef = 6BFC1E6C1F0FC93E0013562B /* FBLoginViewController.swift */; };
		6BFC1E6F1F0FC9F90013562B /* FirebaseAuthFBLogin.swift in Sources */ = {isa = PBXBuildFile; fileRef = 6BFC1E6E1F0FC9F90013562B /* FirebaseAuthFBLogin.swift */; };
/* End PBXBuildFile section */

/* Begin PBXFileReference section */
		16D9B7E545E5056669F25CDA /* Pods_Firebase_Auth.framework */ = {isa = PBXFileReference; explicitFileType = wrapper.framework; includeInIndex = 0; path = Pods_Firebase_Auth.framework; sourceTree = BUILT_PRODUCTS_DIR; };
		29ED152F831AF41DA48613B8 /* Pods-Firebase Auth.debug.xcconfig */ = {isa = PBXFileReference; includeInIndex = 1; lastKnownFileType = text.xcconfig; name = "Pods-Firebase Auth.debug.xcconfig"; path = "Pods/Target Support Files/Pods-Firebase Auth/Pods-Firebase Auth.debug.xcconfig"; sourceTree = "<group>"; };
		4D3A5109C7F757F33F220850 /* Pods-Firebase Auth.release.xcconfig */ = {isa = PBXFileReference; includeInIndex = 1; lastKnownFileType = text.xcconfig; name = "Pods-Firebase Auth.release.xcconfig"; path = "Pods/Target Support Files/Pods-Firebase Auth/Pods-Firebase Auth.release.xcconfig"; sourceTree = "<group>"; };
		6BFC1E3D1F0E0CDC0013562B /* Firebase Auth.app */ = {isa = PBXFileReference; explicitFileType = wrapper.application; includeInIndex = 0; path = "Firebase Auth.app"; sourceTree = BUILT_PRODUCTS_DIR; };
		6BFC1E401F0E0CDC0013562B /* AppDelegate.swift */ = {isa = PBXFileReference; lastKnownFileType = sourcecode.swift; path = AppDelegate.swift; sourceTree = "<group>"; };
		6BFC1E451F0E0CDC0013562B /* Base */ = {isa = PBXFileReference; lastKnownFileType = file.storyboard; name = Base; path = Base.lproj/Main.storyboard; sourceTree = "<group>"; };
		6BFC1E481F0E0CDC0013562B /* Firebase_Auth.xcdatamodel */ = {isa = PBXFileReference; lastKnownFileType = wrapper.xcdatamodel; path = Firebase_Auth.xcdatamodel; sourceTree = "<group>"; };
		6BFC1E4A1F0E0CDC0013562B /* Assets.xcassets */ = {isa = PBXFileReference; lastKnownFileType = folder.assetcatalog; path = Assets.xcassets; sourceTree = "<group>"; };
		6BFC1E4D1F0E0CDC0013562B /* Base */ = {isa = PBXFileReference; lastKnownFileType = file.storyboard; name = Base; path = Base.lproj/LaunchScreen.storyboard; sourceTree = "<group>"; };
		6BFC1E4F1F0E0CDC0013562B /* Info.plist */ = {isa = PBXFileReference; lastKnownFileType = text.plist.xml; path = Info.plist; sourceTree = "<group>"; };
		6BFC1E5D1F0E4BE40013562B /* FirebaseAuthModel.swift */ = {isa = PBXFileReference; fileEncoding = 4; lastKnownFileType = sourcecode.swift; path = FirebaseAuthModel.swift; sourceTree = "<group>"; };
		6BFC1E5F1F0E4BE40013562B /* GoogleService-Info.plist */ = {isa = PBXFileReference; fileEncoding = 4; lastKnownFileType = text.plist.xml; path = "GoogleService-Info.plist"; sourceTree = "<group>"; };
		6BFC1E611F0E4BE40013562B /* FirebaseAuthTableViewCell.swift */ = {isa = PBXFileReference; fileEncoding = 4; lastKnownFileType = sourcecode.swift; path = FirebaseAuthTableViewCell.swift; sourceTree = "<group>"; };
		6BFC1E631F0E4BE40013562B /* FirebaseAuthViewController.swift */ = {isa = PBXFileReference; fileEncoding = 4; lastKnownFileType = sourcecode.swift; path = FirebaseAuthViewController.swift; sourceTree = "<group>"; };
		6BFC1E681F0F61770013562B /* FirebaseAuthGoogleSigninModel.swift */ = {isa = PBXFileReference; fileEncoding = 4; lastKnownFileType = sourcecode.swift; path = FirebaseAuthGoogleSigninModel.swift; sourceTree = "<group>"; };
		6BFC1E6A1F0F6B100013562B /* GoogleSigninViewController.swift */ = {isa = PBXFileReference; fileEncoding = 4; lastKnownFileType = sourcecode.swift; path = GoogleSigninViewController.swift; sourceTree = "<group>"; };
		6BFC1E6C1F0FC93E0013562B /* FBLoginViewController.swift */ = {isa = PBXFileReference; fileEncoding = 4; lastKnownFileType = sourcecode.swift; path = FBLoginViewController.swift; sourceTree = "<group>"; };
		6BFC1E6E1F0FC9F90013562B /* FirebaseAuthFBLogin.swift */ = {isa = PBXFileReference; fileEncoding = 4; lastKnownFileType = sourcecode.swift; path = FirebaseAuthFBLogin.swift; sourceTree = "<group>"; };
/* End PBXFileReference section */

/* Begin PBXFrameworksBuildPhase section */
		6BFC1E3A1F0E0CDC0013562B /* Frameworks */ = {
			isa = PBXFrameworksBuildPhase;
			buildActionMask = 2147483647;
			files = (
				37F68B7DFAE900F6C98575A7 /* Pods_Firebase_Auth.framework in Frameworks */,
			);
			runOnlyForDeploymentPostprocessing = 0;
		};
/* End PBXFrameworksBuildPhase section */

/* Begin PBXGroup section */
		6BFC1E341F0E0CDC0013562B = {
			isa = PBXGroup;
			children = (
				6BFC1E3F1F0E0CDC0013562B /* Firebase Auth */,
				6BFC1E3E1F0E0CDC0013562B /* Products */,
				80ACBD9E70E3BBD150A8ED22 /* Pods */,
				A5797465169485950F842630 /* Frameworks */,
			);
			sourceTree = "<group>";
		};
		6BFC1E3E1F0E0CDC0013562B /* Products */ = {
			isa = PBXGroup;
			children = (
				6BFC1E3D1F0E0CDC0013562B /* Firebase Auth.app */,
			);
			name = Products;
			sourceTree = "<group>";
		};
		6BFC1E3F1F0E0CDC0013562B /* Firebase Auth */ = {
			isa = PBXGroup;
			children = (
				6BFC1E5B1F0E4BE40013562B /* FirebaseAuth */,
				6BFC1E401F0E0CDC0013562B /* AppDelegate.swift */,
				6BFC1E441F0E0CDC0013562B /* Main.storyboard */,
				6BFC1E4A1F0E0CDC0013562B /* Assets.xcassets */,
				6BFC1E4C1F0E0CDC0013562B /* LaunchScreen.storyboard */,
				6BFC1E4F1F0E0CDC0013562B /* Info.plist */,
				6BFC1E471F0E0CDC0013562B /* Firebase_Auth.xcdatamodeld */,
			);
			path = "Firebase Auth";
			sourceTree = "<group>";
		};
		6BFC1E5B1F0E4BE40013562B /* FirebaseAuth */ = {
			isa = PBXGroup;
			children = (
				6BFC1E5C1F0E4BE40013562B /* Model */,
				6BFC1E5E1F0E4BE40013562B /* Resource */,
				6BFC1E601F0E4BE40013562B /* View */,
				6BFC1E621F0E4BE40013562B /* ViewController */,
			);
			path = FirebaseAuth;
			sourceTree = "<group>";
		};
		6BFC1E5C1F0E4BE40013562B /* Model */ = {
			isa = PBXGroup;
			children = (
				6BFC1E5D1F0E4BE40013562B /* FirebaseAuthModel.swift */,
				6BFC1E681F0F61770013562B /* FirebaseAuthGoogleSigninModel.swift */,
				6BFC1E6E1F0FC9F90013562B /* FirebaseAuthFBLogin.swift */,
			);
			path = Model;
			sourceTree = "<group>";
		};
		6BFC1E5E1F0E4BE40013562B /* Resource */ = {
			isa = PBXGroup;
			children = (
				6BFC1E5F1F0E4BE40013562B /* GoogleService-Info.plist */,
			);
			path = Resource;
			sourceTree = "<group>";
		};
		6BFC1E601F0E4BE40013562B /* View */ = {
			isa = PBXGroup;
			children = (
				6BFC1E611F0E4BE40013562B /* FirebaseAuthTableViewCell.swift */,
			);
			path = View;
			sourceTree = "<group>";
		};
		6BFC1E621F0E4BE40013562B /* ViewController */ = {
			isa = PBXGroup;
			children = (
				6BFC1E631F0E4BE40013562B /* FirebaseAuthViewController.swift */,
				6BFC1E6A1F0F6B100013562B /* GoogleSigninViewController.swift */,
				6BFC1E6C1F0FC93E0013562B /* FBLoginViewController.swift */,
			);
			path = ViewController;
			sourceTree = "<group>";
		};
		80ACBD9E70E3BBD150A8ED22 /* Pods */ = {
			isa = PBXGroup;
			children = (
				29ED152F831AF41DA48613B8 /* Pods-Firebase Auth.debug.xcconfig */,
				4D3A5109C7F757F33F220850 /* Pods-Firebase Auth.release.xcconfig */,
			);
			name = Pods;
			sourceTree = "<group>";
		};
		A5797465169485950F842630 /* Frameworks */ = {
			isa = PBXGroup;
			children = (
				16D9B7E545E5056669F25CDA /* Pods_Firebase_Auth.framework */,
			);
			name = Frameworks;
			sourceTree = "<group>";
		};
/* End PBXGroup section */

/* Begin PBXNativeTarget section */
		6BFC1E3C1F0E0CDC0013562B /* Firebase Auth */ = {
			isa = PBXNativeTarget;
			buildConfigurationList = 6BFC1E521F0E0CDC0013562B /* Build configuration list for PBXNativeTarget "Firebase Auth" */;
			buildPhases = (
				F1E117EF411D81C489A77FA5 /* [CP] Check Pods Manifest.lock */,
				6BFC1E391F0E0CDC0013562B /* Sources */,
				6BFC1E3A1F0E0CDC0013562B /* Frameworks */,
				6BFC1E3B1F0E0CDC0013562B /* Resources */,
				EB4CB9D1BF891B677723831E /* [CP] Embed Pods Frameworks */,
				B5BACB999D39265F6965C9EA /* [CP] Copy Pods Resources */,
			);
			buildRules = (
			);
			dependencies = (
			);
			name = "Firebase Auth";
			productName = "Firebase Auth";
			productReference = 6BFC1E3D1F0E0CDC0013562B /* Firebase Auth.app */;
			productType = "com.apple.product-type.application";
		};
/* End PBXNativeTarget section */

/* Begin PBXProject section */
		6BFC1E351F0E0CDC0013562B /* Project object */ = {
			isa = PBXProject;
			attributes = {
				LastSwiftUpdateCheck = 0820;
				LastUpgradeCheck = 0820;
				ORGANIZATIONNAME = "Rahul Sharma";
				TargetAttributes = {
					6BFC1E3C1F0E0CDC0013562B = {
						CreatedOnToolsVersion = 8.2.1;
						DevelopmentTeam = 5A693V6KR5;
						ProvisioningStyle = Automatic;
					};
				};
			};
			buildConfigurationList = 6BFC1E381F0E0CDC0013562B /* Build configuration list for PBXProject "Firebase Auth" */;
			compatibilityVersion = "Xcode 3.2";
			developmentRegion = English;
			hasScannedForEncodings = 0;
			knownRegions = (
				en,
				Base,
			);
			mainGroup = 6BFC1E341F0E0CDC0013562B;
			productRefGroup = 6BFC1E3E1F0E0CDC0013562B /* Products */;
			projectDirPath = "";
			projectRoot = "";
			targets = (
				6BFC1E3C1F0E0CDC0013562B /* Firebase Auth */,
			);
		};
/* End PBXProject section */

/* Begin PBXResourcesBuildPhase section */
		6BFC1E3B1F0E0CDC0013562B /* Resources */ = {
			isa = PBXResourcesBuildPhase;
			buildActionMask = 2147483647;
			files = (
				6BFC1E4E1F0E0CDC0013562B /* LaunchScreen.storyboard in Resources */,
				6BFC1E651F0E4BE40013562B /* GoogleService-Info.plist in Resources */,
				6BFC1E4B1F0E0CDC0013562B /* Assets.xcassets in Resources */,
				6BFC1E461F0E0CDC0013562B /* Main.storyboard in Resources */,
			);
			runOnlyForDeploymentPostprocessing = 0;
		};
/* End PBXResourcesBuildPhase section */

/* Begin PBXShellScriptBuildPhase section */
		B5BACB999D39265F6965C9EA /* [CP] Copy Pods Resources */ = {
			isa = PBXShellScriptBuildPhase;
			buildActionMask = 2147483647;
			files = (
			);
			inputPaths = (
			);
			name = "[CP] Copy Pods Resources";
			outputPaths = (
			);
			runOnlyForDeploymentPostprocessing = 0;
			shellPath = /bin/sh;
			shellScript = "\"${SRCROOT}/Pods/Target Support Files/Pods-Firebase Auth/Pods-Firebase Auth-resources.sh\"\n";
			showEnvVarsInLog = 0;
		};
		EB4CB9D1BF891B677723831E /* [CP] Embed Pods Frameworks */ = {
			isa = PBXShellScriptBuildPhase;
			buildActionMask = 2147483647;
			files = (
			);
			inputPaths = (
			);
			name = "[CP] Embed Pods Frameworks";
			outputPaths = (
			);
			runOnlyForDeploymentPostprocessing = 0;
			shellPath = /bin/sh;
			shellScript = "\"${SRCROOT}/Pods/Target Support Files/Pods-Firebase Auth/Pods-Firebase Auth-frameworks.sh\"\n";
			showEnvVarsInLog = 0;
		};
		F1E117EF411D81C489A77FA5 /* [CP] Check Pods Manifest.lock */ = {
			isa = PBXShellScriptBuildPhase;
			buildActionMask = 2147483647;
			files = (
			);
			inputPaths = (
			);
			name = "[CP] Check Pods Manifest.lock";
			outputPaths = (
			);
			runOnlyForDeploymentPostprocessing = 0;
			shellPath = /bin/sh;
			shellScript = "diff \"${PODS_ROOT}/../Podfile.lock\" \"${PODS_ROOT}/Manifest.lock\" > /dev/null\nif [ $? != 0 ] ; then\n    # print error to STDERR\n    echo \"error: The sandbox is not in sync with the Podfile.lock. Run 'pod install' or update your CocoaPods installation.\" >&2\n    exit 1\nfi\n";
			showEnvVarsInLog = 0;
		};
/* End PBXShellScriptBuildPhase section */

/* Begin PBXSourcesBuildPhase section */
		6BFC1E391F0E0CDC0013562B /* Sources */ = {
			isa = PBXSourcesBuildPhase;
			buildActionMask = 2147483647;
			files = (
				6BFC1E6B1F0F6B100013562B /* GoogleSigninViewController.swift in Sources */,
				6BFC1E661F0E4BE40013562B /* FirebaseAuthTableViewCell.swift in Sources */,
				6BFC1E671F0E4BE40013562B /* FirebaseAuthViewController.swift in Sources */,
				6BFC1E491F0E0CDC0013562B /* Firebase_Auth.xcdatamodeld in Sources */,
				6BFC1E641F0E4BE40013562B /* FirebaseAuthModel.swift in Sources */,
				6BFC1E6F1F0FC9F90013562B /* FirebaseAuthFBLogin.swift in Sources */,
				6BFC1E411F0E0CDC0013562B /* AppDelegate.swift in Sources */,
				6BFC1E6D1F0FC93E0013562B /* FBLoginViewController.swift in Sources */,
				6BFC1E691F0F61770013562B /* FirebaseAuthGoogleSigninModel.swift in Sources */,
			);
			runOnlyForDeploymentPostprocessing = 0;
		};
/* End PBXSourcesBuildPhase section */

/* Begin PBXVariantGroup section */
		6BFC1E441F0E0CDC0013562B /* Main.storyboard */ = {
			isa = PBXVariantGroup;
			children = (
				6BFC1E451F0E0CDC0013562B /* Base */,
			);
			name = Main.storyboard;
			sourceTree = "<group>";
		};
		6BFC1E4C1F0E0CDC0013562B /* LaunchScreen.storyboard */ = {
			isa = PBXVariantGroup;
			children = (
				6BFC1E4D1F0E0CDC0013562B /* Base */,
			);
			name = LaunchScreen.storyboard;
			sourceTree = "<group>";
		};
/* End PBXVariantGroup section */

/* Begin XCBuildConfiguration section */
		6BFC1E501F0E0CDC0013562B /* Debug */ = {
			isa = XCBuildConfiguration;
			buildSettings = {
				ALWAYS_SEARCH_USER_PATHS = NO;
				CLANG_ANALYZER_NONNULL = YES;
				CLANG_CXX_LANGUAGE_STANDARD = "gnu++0x";
				CLANG_CXX_LIBRARY = "libc++";
				CLANG_ENABLE_MODULES = YES;
				CLANG_ENABLE_OBJC_ARC = YES;
				CLANG_WARN_BOOL_CONVERSION = YES;
				CLANG_WARN_CONSTANT_CONVERSION = YES;
				CLANG_WARN_DIRECT_OBJC_ISA_USAGE = YES_ERROR;
				CLANG_WARN_DOCUMENTATION_COMMENTS = YES;
				CLANG_WARN_EMPTY_BODY = YES;
				CLANG_WARN_ENUM_CONVERSION = YES;
				CLANG_WARN_INFINITE_RECURSION = YES;
				CLANG_WARN_INT_CONVERSION = YES;
				CLANG_WARN_OBJC_ROOT_CLASS = YES_ERROR;
				CLANG_WARN_SUSPICIOUS_MOVE = YES;
				CLANG_WARN_UNREACHABLE_CODE = YES;
				CLANG_WARN__DUPLICATE_METHOD_MATCH = YES;
				"CODE_SIGN_IDENTITY[sdk=iphoneos*]" = "iPhone Developer";
				COPY_PHASE_STRIP = NO;
				DEBUG_INFORMATION_FORMAT = dwarf;
				ENABLE_STRICT_OBJC_MSGSEND = YES;
				ENABLE_TESTABILITY = YES;
				GCC_C_LANGUAGE_STANDARD = gnu99;
				GCC_DYNAMIC_NO_PIC = NO;
				GCC_NO_COMMON_BLOCKS = YES;
				GCC_OPTIMIZATION_LEVEL = 0;
				GCC_PREPROCESSOR_DEFINITIONS = (
					"DEBUG=1",
					"$(inherited)",
				);
				GCC_WARN_64_TO_32_BIT_CONVERSION = YES;
				GCC_WARN_ABOUT_RETURN_TYPE = YES_ERROR;
				GCC_WARN_UNDECLARED_SELECTOR = YES;
				GCC_WARN_UNINITIALIZED_AUTOS = YES_AGGRESSIVE;
				GCC_WARN_UNUSED_FUNCTION = YES;
				GCC_WARN_UNUSED_VARIABLE = YES;
				IPHONEOS_DEPLOYMENT_TARGET = 10.2;
				MTL_ENABLE_DEBUG_INFO = YES;
				ONLY_ACTIVE_ARCH = YES;
				SDKROOT = iphoneos;
				SWIFT_ACTIVE_COMPILATION_CONDITIONS = DEBUG;
				SWIFT_OPTIMIZATION_LEVEL = "-Onone";
			};
			name = Debug;
		};
		6BFC1E511F0E0CDC0013562B /* Release */ = {
			isa = XCBuildConfiguration;
			buildSettings = {
				ALWAYS_SEARCH_USER_PATHS = NO;
				CLANG_ANALYZER_NONNULL = YES;
				CLANG_CXX_LANGUAGE_STANDARD = "gnu++0x";
				CLANG_CXX_LIBRARY = "libc++";
				CLANG_ENABLE_MODULES = YES;
				CLANG_ENABLE_OBJC_ARC = YES;
				CLANG_WARN_BOOL_CONVERSION = YES;
				CLANG_WARN_CONSTANT_CONVERSION = YES;
				CLANG_WARN_DIRECT_OBJC_ISA_USAGE = YES_ERROR;
				CLANG_WARN_DOCUMENTATION_COMMENTS = YES;
				CLANG_WARN_EMPTY_BODY = YES;
				CLANG_WARN_ENUM_CONVERSION = YES;
				CLANG_WARN_INFINITE_RECURSION = YES;
				CLANG_WARN_INT_CONVERSION = YES;
				CLANG_WARN_OBJC_ROOT_CLASS = YES_ERROR;
				CLANG_WARN_SUSPICIOUS_MOVE = YES;
				CLANG_WARN_UNREACHABLE_CODE = YES;
				CLANG_WARN__DUPLICATE_METHOD_MATCH = YES;
				"CODE_SIGN_IDENTITY[sdk=iphoneos*]" = "iPhone Developer";
				COPY_PHASE_STRIP = NO;
				DEBUG_INFORMATION_FORMAT = "dwarf-with-dsym";
				ENABLE_NS_ASSERTIONS = NO;
				ENABLE_STRICT_OBJC_MSGSEND = YES;
				GCC_C_LANGUAGE_STANDARD = gnu99;
				GCC_NO_COMMON_BLOCKS = YES;
				GCC_WARN_64_TO_32_BIT_CONVERSION = YES;
				GCC_WARN_ABOUT_RETURN_TYPE = YES_ERROR;
				GCC_WARN_UNDECLARED_SELECTOR = YES;
				GCC_WARN_UNINITIALIZED_AUTOS = YES_AGGRESSIVE;
				GCC_WARN_UNUSED_FUNCTION = YES;
				GCC_WARN_UNUSED_VARIABLE = YES;
				IPHONEOS_DEPLOYMENT_TARGET = 10.2;
				MTL_ENABLE_DEBUG_INFO = NO;
				SDKROOT = iphoneos;
				SWIFT_OPTIMIZATION_LEVEL = "-Owholemodule";
				VALIDATE_PRODUCT = YES;
			};
			name = Release;
		};
		6BFC1E531F0E0CDC0013562B /* Debug */ = {
			isa = XCBuildConfiguration;
			baseConfigurationReference = 29ED152F831AF41DA48613B8 /* Pods-Firebase Auth.debug.xcconfig */;
			buildSettings = {
				ASSETCATALOG_COMPILER_APPICON_NAME = AppIcon;
				DEVELOPMENT_TEAM = 5A693V6KR5;
				INFOPLIST_FILE = "Firebase Auth/Info.plist";
				LD_RUNPATH_SEARCH_PATHS = "$(inherited) @executable_path/Frameworks";
				PRODUCT_BUNDLE_IDENTIFIER = "com.3embed.Firebase-Auth";
				PRODUCT_NAME = "$(TARGET_NAME)";
				SWIFT_VERSION = 3.0;
			};
			name = Debug;
		};
		6BFC1E541F0E0CDC0013562B /* Release */ = {
			isa = XCBuildConfiguration;
			baseConfigurationReference = 4D3A5109C7F757F33F220850 /* Pods-Firebase Auth.release.xcconfig */;
			buildSettings = {
				ASSETCATALOG_COMPILER_APPICON_NAME = AppIcon;
				DEVELOPMENT_TEAM = 5A693V6KR5;
				INFOPLIST_FILE = "Firebase Auth/Info.plist";
				LD_RUNPATH_SEARCH_PATHS = "$(inherited) @executable_path/Frameworks";
				PRODUCT_BUNDLE_IDENTIFIER = "com.3embed.Firebase-Auth";
				PRODUCT_NAME = "$(TARGET_NAME)";
				SWIFT_VERSION = 3.0;
			};
			name = Release;
		};
/* End XCBuildConfiguration section */

/* Begin XCConfigurationList section */
		6BFC1E381F0E0CDC0013562B /* Build configuration list for PBXProject "Firebase Auth" */ = {
			isa = XCConfigurationList;
			buildConfigurations = (
				6BFC1E501F0E0CDC0013562B /* Debug */,
				6BFC1E511F0E0CDC0013562B /* Release */,
			);
			defaultConfigurationIsVisible = 0;
			defaultConfigurationName = Release;
		};
		6BFC1E521F0E0CDC0013562B /* Build configuration list for PBXNativeTarget "Firebase Auth" */ = {
			isa = XCConfigurationList;
			buildConfigurations = (
				6BFC1E531F0E0CDC0013562B /* Debug */,
				6BFC1E541F0E0CDC0013562B /* Release */,
			);
			defaultConfigurationIsVisible = 0;
			defaultConfigurationName = Release;
		};
/* End XCConfigurationList section */

/* Begin XCVersionGroup section */
		6BFC1E471F0E0CDC0013562B /* Firebase_Auth.xcdatamodeld */ = {
			isa = XCVersionGroup;
			children = (
				6BFC1E481F0E0CDC0013562B /* Firebase_Auth.xcdatamodel */,
			);
			currentVersion = 6BFC1E481F0E0CDC0013562B /* Firebase_Auth.xcdatamodel */;
			path = Firebase_Auth.xcdatamodeld;
			sourceTree = "<group>";
			versionGroupType = wrapper.xcdatamodel;
		};
/* End XCVersionGroup section */
	};
	rootObject = 6BFC1E351F0E0CDC0013562B /* Project object */;
}
